# This file is automatically @generated by Poetry and should not be changed by hand.

[[package]]
name = "certifi"
version = "2021.5.30"
description = "Python package for providing Mozilla's CA Bundle."
category = "main"
optional = false
python-versions = "*"
files = [
    {file = "certifi-2021.5.30-py2.py3-none-any.whl", hash = "sha256:50b1e4f8446b06f41be7dd6338db18e0990601dce795c2b1686458aa7e8fa7d8"},
    {file = "certifi-2021.5.30.tar.gz", hash = "sha256:2bbf76fd432960138b3ef6dda3dde0544f27cbf8546c458e60baf371917ba9ee"},
]

[[package]]
name = "charset-normalizer"
version = "2.0.6"
description = "The Real First Universal Charset Detector. Open, modern and actively maintained alternative to Chardet."
category = "main"
optional = false
python-versions = ">=3.5.0"
files = [
    {file = "charset-normalizer-2.0.6.tar.gz", hash = "sha256:5ec46d183433dcbd0ab716f2d7f29d8dee50505b3fdb40c6b985c7c4f5a3591f"},
    {file = "charset_normalizer-2.0.6-py3-none-any.whl", hash = "sha256:5d209c0a931f215cee683b6445e2d77677e7e75e159f78def0db09d68fafcaa6"},
]

[package.extras]
unicode-backport = ["unicodedata2"]

[[package]]
name = "click"
version = "8.0.1"
description = "Composable command line interface toolkit"
category = "main"
optional = false
python-versions = ">=3.6"
files = [
    {file = "click-8.0.1-py3-none-any.whl", hash = "sha256:fba402a4a47334742d782209a7c79bc448911afe1149d07bdabdf480b3e2f4b6"},
    {file = "click-8.0.1.tar.gz", hash = "sha256:8c04c11192119b1ef78ea049e0a6f0463e4c48ef00a30160c704337586f3ad7a"},
]

[package.dependencies]
colorama = {version = "*", markers = "platform_system == \"Windows\""}

[[package]]
name = "colorama"
version = "0.4.4"
description = "Cross-platform colored terminal text."
category = "main"
optional = false
python-versions = ">=2.7, !=3.0.*, !=3.1.*, !=3.2.*, !=3.3.*, !=3.4.*"
files = [
    {file = "colorama-0.4.4-py2.py3-none-any.whl", hash = "sha256:9f47eda37229f68eee03b24b9748937c7dc3868f906e8ba69fbcbdd3bc5dc3e2"},
    {file = "colorama-0.4.4.tar.gz", hash = "sha256:5941b2b48a20143d2267e95b1c2a7603ce057ee39fd88e7329b0c292aa16869b"},
]

[[package]]
name = "flask"
version = "2.2.5"
description = "A simple framework for building complex web applications."
category = "main"
optional = false
python-versions = ">=3.7"
files = [
    {file = "Flask-2.2.5-py3-none-any.whl", hash = "sha256:58107ed83443e86067e41eff4631b058178191a355886f8e479e347fa1285fdf"},
    {file = "Flask-2.2.5.tar.gz", hash = "sha256:edee9b0a7ff26621bd5a8c10ff484ae28737a2410d99b0bb9a6850c7fb977aa0"},
]

[package.dependencies]
click = ">=8.0"
importlib-metadata = {version = ">=3.6.0", markers = "python_version < \"3.10\""}
itsdangerous = ">=2.0"
Jinja2 = ">=3.0"
Werkzeug = ">=2.2.2"

[package.extras]
async = ["asgiref (>=3.2)"]
dotenv = ["python-dotenv"]

[[package]]
name = "idna"
version = "3.2"
description = "Internationalized Domain Names in Applications (IDNA)"
category = "main"
optional = false
python-versions = ">=3.5"
files = [
    {file = "idna-3.2-py3-none-any.whl", hash = "sha256:14475042e284991034cb48e06f6851428fb14c4dc953acd9be9a5e95c7b6dd7a"},
    {file = "idna-3.2.tar.gz", hash = "sha256:467fbad99067910785144ce333826c71fb0e63a425657295239737f7ecd125f3"},
]

[[package]]
name = "importlib-metadata"
version = "6.6.0"
description = "Read metadata from Python packages"
category = "main"
optional = false
python-versions = ">=3.7"
files = [
    {file = "importlib_metadata-6.6.0-py3-none-any.whl", hash = "sha256:43dd286a2cd8995d5eaef7fee2066340423b818ed3fd70adf0bad5f1fac53fed"},
    {file = "importlib_metadata-6.6.0.tar.gz", hash = "sha256:92501cdf9cc66ebd3e612f1b4f0c0765dfa42f0fa38ffb319b6bd84dd675d705"},
]

[package.dependencies]
zipp = ">=0.5"

[package.extras]
docs = ["furo", "jaraco.packaging (>=9)", "jaraco.tidelift (>=1.4)", "rst.linker (>=1.9)", "sphinx (>=3.5)", "sphinx-lint"]
perf = ["ipython"]
testing = ["flake8 (<5)", "flufl.flake8", "importlib-resources (>=1.3)", "packaging", "pyfakefs", "pytest (>=6)", "pytest-black (>=0.3.7)", "pytest-checkdocs (>=2.4)", "pytest-cov", "pytest-enabler (>=1.3)", "pytest-flake8", "pytest-mypy (>=0.9.1)", "pytest-perf (>=0.9.2)"]

[[package]]
name = "itsdangerous"
version = "2.0.1"
description = "Safely pass data to untrusted environments and back."
category = "main"
optional = false
python-versions = ">=3.6"
files = [
    {file = "itsdangerous-2.0.1-py3-none-any.whl", hash = "sha256:5174094b9637652bdb841a3029700391451bd092ba3db90600dea710ba28e97c"},
    {file = "itsdangerous-2.0.1.tar.gz", hash = "sha256:9e724d68fc22902a1435351f84c3fb8623f303fffcc566a4cb952df8c572cff0"},
]

[[package]]
name = "jinja2"
version = "3.0.1"
description = "A very fast and expressive template engine."
category = "main"
optional = false
python-versions = ">=3.6"
files = [
    {file = "Jinja2-3.0.1-py3-none-any.whl", hash = "sha256:1f06f2da51e7b56b8f238affdd6b4e2c61e39598a378cc49345bc1bd42a978a4"},
    {file = "Jinja2-3.0.1.tar.gz", hash = "sha256:703f484b47a6af502e743c9122595cc812b0271f661722403114f71a79d0f5a4"},
]

[package.dependencies]
MarkupSafe = ">=2.0"

[package.extras]
i18n = ["Babel (>=2.7)"]

[[package]]
name = "joblib"
version = "1.0.1"
description = "Lightweight pipelining with Python functions"
category = "main"
optional = false
python-versions = ">=3.6"
files = [
    {file = "joblib-1.0.1-py3-none-any.whl", hash = "sha256:feeb1ec69c4d45129954f1b7034954241eedfd6ba39b5e9e4b6883be3332d5e5"},
    {file = "joblib-1.0.1.tar.gz", hash = "sha256:9c17567692206d2f3fb9ecf5e991084254fe631665c450b443761c4186a613f7"},
]

[[package]]
name = "markupsafe"
version = "2.1.2"
description = "Safely add untrusted strings to HTML/XML markup."
category = "main"
optional = false
python-versions = ">=3.7"
files = [
    {file = "MarkupSafe-2.1.2-cp310-cp310-macosx_10_9_universal2.whl", hash = "sha256:665a36ae6f8f20a4676b53224e33d456a6f5a72657d9c83c2aa00765072f31f7"},
    {file = "MarkupSafe-2.1.2-cp310-cp310-macosx_10_9_x86_64.whl", hash = "sha256:340bea174e9761308703ae988e982005aedf427de816d1afe98147668cc03036"},
    {file = "MarkupSafe-2.1.2-cp310-cp310-manylinux_2_17_aarch64.manylinux2014_aarch64.whl", hash = "sha256:22152d00bf4a9c7c83960521fc558f55a1adbc0631fbb00a9471e097b19d72e1"},
    {file = "MarkupSafe-2.1.2-cp310-cp310-manylinux_2_17_x86_64.manylinux2014_x86_64.whl", hash = "sha256:28057e985dace2f478e042eaa15606c7efccb700797660629da387eb289b9323"},
    {file = "MarkupSafe-2.1.2-cp310-cp310-manylinux_2_5_i686.manylinux1_i686.manylinux_2_17_i686.manylinux2014_i686.whl", hash = "sha256:ca244fa73f50a800cf8c3ebf7fd93149ec37f5cb9596aa8873ae2c1d23498601"},
    {file = "MarkupSafe-2.1.2-cp310-cp310-musllinux_1_1_aarch64.whl", hash = "sha256:d9d971ec1e79906046aa3ca266de79eac42f1dbf3612a05dc9368125952bd1a1"},
    {file = "MarkupSafe-2.1.2-cp310-cp310-musllinux_1_1_i686.whl", hash = "sha256:7e007132af78ea9df29495dbf7b5824cb71648d7133cf7848a2a5dd00d36f9ff"},
    {file = "MarkupSafe-2.1.2-cp310-cp310-musllinux_1_1_x86_64.whl", hash = "sha256:7313ce6a199651c4ed9d7e4cfb4aa56fe923b1adf9af3b420ee14e6d9a73df65"},
    {file = "MarkupSafe-2.1.2-cp310-cp310-win32.whl", hash = "sha256:c4a549890a45f57f1ebf99c067a4ad0cb423a05544accaf2b065246827ed9603"},
    {file = "MarkupSafe-2.1.2-cp310-cp310-win_amd64.whl", hash = "sha256:835fb5e38fd89328e9c81067fd642b3593c33e1e17e2fdbf77f5676abb14a156"},
    {file = "MarkupSafe-2.1.2-cp311-cp311-macosx_10_9_universal2.whl", hash = "sha256:2ec4f2d48ae59bbb9d1f9d7efb9236ab81429a764dedca114f5fdabbc3788013"},
    {file = "MarkupSafe-2.1.2-cp311-cp311-macosx_10_9_x86_64.whl", hash = "sha256:608e7073dfa9e38a85d38474c082d4281f4ce276ac0010224eaba11e929dd53a"},
    {file = "MarkupSafe-2.1.2-cp311-cp311-manylinux_2_17_aarch64.manylinux2014_aarch64.whl", hash = "sha256:65608c35bfb8a76763f37036547f7adfd09270fbdbf96608be2bead319728fcd"},
    {file = "MarkupSafe-2.1.2-cp311-cp311-manylinux_2_17_x86_64.manylinux2014_x86_64.whl", hash = "sha256:f2bfb563d0211ce16b63c7cb9395d2c682a23187f54c3d79bfec33e6705473c6"},
    {file = "MarkupSafe-2.1.2-cp311-cp311-manylinux_2_5_i686.manylinux1_i686.manylinux_2_17_i686.manylinux2014_i686.whl", hash = "sha256:da25303d91526aac3672ee6d49a2f3db2d9502a4a60b55519feb1a4c7714e07d"},
    {file = "MarkupSafe-2.1.2-cp311-cp311-musllinux_1_1_aarch64.whl", hash = "sha256:9cad97ab29dfc3f0249b483412c85c8ef4766d96cdf9dcf5a1e3caa3f3661cf1"},
    {file = "MarkupSafe-2.1.2-cp311-cp311-musllinux_1_1_i686.whl", hash = "sha256:085fd3201e7b12809f9e6e9bc1e5c96a368c8523fad5afb02afe3c051ae4afcc"},
    {file = "MarkupSafe-2.1.2-cp311-cp311-musllinux_1_1_x86_64.whl", hash = "sha256:1bea30e9bf331f3fef67e0a3877b2288593c98a21ccb2cf29b74c581a4eb3af0"},
    {file = "MarkupSafe-2.1.2-cp311-cp311-win32.whl", hash = "sha256:7df70907e00c970c60b9ef2938d894a9381f38e6b9db73c5be35e59d92e06625"},
    {file = "MarkupSafe-2.1.2-cp311-cp311-win_amd64.whl", hash = "sha256:e55e40ff0cc8cc5c07996915ad367fa47da6b3fc091fdadca7f5403239c5fec3"},
    {file = "MarkupSafe-2.1.2-cp37-cp37m-macosx_10_9_x86_64.whl", hash = "sha256:a6e40afa7f45939ca356f348c8e23048e02cb109ced1eb8420961b2f40fb373a"},
    {file = "MarkupSafe-2.1.2-cp37-cp37m-manylinux_2_17_aarch64.manylinux2014_aarch64.whl", hash = "sha256:cf877ab4ed6e302ec1d04952ca358b381a882fbd9d1b07cccbfd61783561f98a"},
    {file = "MarkupSafe-2.1.2-cp37-cp37m-manylinux_2_17_x86_64.manylinux2014_x86_64.whl", hash = "sha256:63ba06c9941e46fa389d389644e2d8225e0e3e5ebcc4ff1ea8506dce646f8c8a"},
    {file = "MarkupSafe-2.1.2-cp37-cp37m-manylinux_2_5_i686.manylinux1_i686.manylinux_2_17_i686.manylinux2014_i686.whl", hash = "sha256:f1cd098434e83e656abf198f103a8207a8187c0fc110306691a2e94a78d0abb2"},
    {file = "MarkupSafe-2.1.2-cp37-cp37m-musllinux_1_1_aarch64.whl", hash = "sha256:55f44b440d491028addb3b88f72207d71eeebfb7b5dbf0643f7c023ae1fba619"},
    {file = "MarkupSafe-2.1.2-cp37-cp37m-musllinux_1_1_i686.whl", hash = "sha256:a6f2fcca746e8d5910e18782f976489939d54a91f9411c32051b4aab2bd7c513"},
    {file = "MarkupSafe-2.1.2-cp37-cp37m-musllinux_1_1_x86_64.whl", hash = "sha256:0b462104ba25f1ac006fdab8b6a01ebbfbce9ed37fd37fd4acd70c67c973e460"},
    {file = "MarkupSafe-2.1.2-cp37-cp37m-win32.whl", hash = "sha256:7668b52e102d0ed87cb082380a7e2e1e78737ddecdde129acadb0eccc5423859"},
    {file = "MarkupSafe-2.1.2-cp37-cp37m-win_amd64.whl", hash = "sha256:6d6607f98fcf17e534162f0709aaad3ab7a96032723d8ac8750ffe17ae5a0666"},
    {file = "MarkupSafe-2.1.2-cp38-cp38-macosx_10_9_universal2.whl", hash = "sha256:a806db027852538d2ad7555b203300173dd1b77ba116de92da9afbc3a3be3eed"},
    {file = "MarkupSafe-2.1.2-cp38-cp38-macosx_10_9_x86_64.whl", hash = "sha256:a4abaec6ca3ad8660690236d11bfe28dfd707778e2442b45addd2f086d6ef094"},
    {file = "MarkupSafe-2.1.2-cp38-cp38-manylinux_2_17_aarch64.manylinux2014_aarch64.whl", hash = "sha256:f03a532d7dee1bed20bc4884194a16160a2de9ffc6354b3878ec9682bb623c54"},
    {file = "MarkupSafe-2.1.2-cp38-cp38-manylinux_2_17_x86_64.manylinux2014_x86_64.whl", hash = "sha256:4cf06cdc1dda95223e9d2d3c58d3b178aa5dacb35ee7e3bbac10e4e1faacb419"},
    {file = "MarkupSafe-2.1.2-cp38-cp38-manylinux_2_5_i686.manylinux1_i686.manylinux_2_17_i686.manylinux2014_i686.whl", hash = "sha256:22731d79ed2eb25059ae3df1dfc9cb1546691cc41f4e3130fe6bfbc3ecbbecfa"},
    {file = "MarkupSafe-2.1.2-cp38-cp38-musllinux_1_1_aarch64.whl", hash = "sha256:f8ffb705ffcf5ddd0e80b65ddf7bed7ee4f5a441ea7d3419e861a12eaf41af58"},
    {file = "MarkupSafe-2.1.2-cp38-cp38-musllinux_1_1_i686.whl", hash = "sha256:8db032bf0ce9022a8e41a22598eefc802314e81b879ae093f36ce9ddf39ab1ba"},
    {file = "MarkupSafe-2.1.2-cp38-cp38-musllinux_1_1_x86_64.whl", hash = "sha256:2298c859cfc5463f1b64bd55cb3e602528db6fa0f3cfd568d3605c50678f8f03"},
    {file = "MarkupSafe-2.1.2-cp38-cp38-win32.whl", hash = "sha256:50c42830a633fa0cf9e7d27664637532791bfc31c731a87b202d2d8ac40c3ea2"},
    {file = "MarkupSafe-2.1.2-cp38-cp38-win_amd64.whl", hash = "sha256:bb06feb762bade6bf3c8b844462274db0c76acc95c52abe8dbed28ae3d44a147"},
    {file = "MarkupSafe-2.1.2-cp39-cp39-macosx_10_9_universal2.whl", hash = "sha256:99625a92da8229df6d44335e6fcc558a5037dd0a760e11d84be2260e6f37002f"},
    {file = "MarkupSafe-2.1.2-cp39-cp39-macosx_10_9_x86_64.whl", hash = "sha256:8bca7e26c1dd751236cfb0c6c72d4ad61d986e9a41bbf76cb445f69488b2a2bd"},
    {file = "MarkupSafe-2.1.2-cp39-cp39-manylinux_2_17_aarch64.manylinux2014_aarch64.whl", hash = "sha256:40627dcf047dadb22cd25ea7ecfe9cbf3bbbad0482ee5920b582f3809c97654f"},
    {file = "MarkupSafe-2.1.2-cp39-cp39-manylinux_2_17_x86_64.manylinux2014_x86_64.whl", hash = "sha256:40dfd3fefbef579ee058f139733ac336312663c6706d1163b82b3003fb1925c4"},
    {file = "MarkupSafe-2.1.2-cp39-cp39-manylinux_2_5_i686.manylinux1_i686.manylinux_2_17_i686.manylinux2014_i686.whl", hash = "sha256:090376d812fb6ac5f171e5938e82e7f2d7adc2b629101cec0db8b267815c85e2"},
    {file = "MarkupSafe-2.1.2-cp39-cp39-musllinux_1_1_aarch64.whl", hash = "sha256:2e7821bffe00aa6bd07a23913b7f4e01328c3d5cc0b40b36c0bd81d362faeb65"},
    {file = "MarkupSafe-2.1.2-cp39-cp39-musllinux_1_1_i686.whl", hash = "sha256:c0a33bc9f02c2b17c3ea382f91b4db0e6cde90b63b296422a939886a7a80de1c"},
    {file = "MarkupSafe-2.1.2-cp39-cp39-musllinux_1_1_x86_64.whl", hash = "sha256:b8526c6d437855442cdd3d87eede9c425c4445ea011ca38d937db299382e6fa3"},
    {file = "MarkupSafe-2.1.2-cp39-cp39-win32.whl", hash = "sha256:137678c63c977754abe9086a3ec011e8fd985ab90631145dfb9294ad09c102a7"},
    {file = "MarkupSafe-2.1.2-cp39-cp39-win_amd64.whl", hash = "sha256:0576fe974b40a400449768941d5d0858cc624e3249dfd1e0c33674e5c7ca7aed"},
    {file = "MarkupSafe-2.1.2.tar.gz", hash = "sha256:abcabc8c2b26036d62d4c746381a6f7cf60aafcc653198ad678306986b09450d"},
]

[[package]]
name = "nltk"
version = "3.6.2"
description = "Natural Language Toolkit"
category = "main"
optional = false
python-versions = ">=3.5.*"
files = [
    {file = "nltk-3.6.2-py3-none-any.whl", hash = "sha256:240e23ab1ab159ef9940777d30c7c72d7e76d91877099218a7585370c11f6b9e"},
    {file = "nltk-3.6.2.zip", hash = "sha256:57d556abed621ab9be225cc6d2df1edce17572efb67a3d754630c9f8381503eb"},
]

[package.dependencies]
click = "*"
joblib = "*"
regex = "*"
tqdm = "*"

[package.extras]
all = ["gensim (<4.0.0)", "matplotlib", "numpy", "pyparsing", "python-crfsuite", "requests", "scikit-learn", "scipy", "twython"]
corenlp = ["requests"]
machine-learning = ["gensim (<4.0.0)", "numpy", "python-crfsuite", "scikit-learn", "scipy"]
plot = ["matplotlib"]
tgrep = ["pyparsing"]
twitter = ["twython"]

[[package]]
name = "oauthlib"
version = "3.1.1"
description = "A generic, spec-compliant, thorough implementation of the OAuth request-signing logic"
category = "main"
optional = false
python-versions = ">=3.6"
files = [
    {file = "oauthlib-3.1.1-py2.py3-none-any.whl", hash = "sha256:42bf6354c2ed8c6acb54d971fce6f88193d97297e18602a3a886603f9d7730cc"},
    {file = "oauthlib-3.1.1.tar.gz", hash = "sha256:8f0215fcc533dd8dd1bee6f4c412d4f0cd7297307d43ac61666389e3bc3198a3"},
]

[package.extras]
rsa = ["cryptography (>=3.0.0,<4)"]
signals = ["blinker (>=1.4.0)"]
signedtoken = ["cryptography (>=3.0.0,<4)", "pyjwt (>=2.0.0,<3)"]

[[package]]
name = "pysocks"
version = "1.7.1"
description = "A Python SOCKS client module. See https://github.com/Anorov/PySocks for more information."
category = "main"
optional = false
python-versions = ">=2.7, !=3.0.*, !=3.1.*, !=3.2.*, !=3.3.*"
files = [
    {file = "PySocks-1.7.1-py27-none-any.whl", hash = "sha256:08e69f092cc6dbe92a0fdd16eeb9b9ffbc13cadfe5ca4c7bd92ffb078b293299"},
    {file = "PySocks-1.7.1-py3-none-any.whl", hash = "sha256:2725bd0a9925919b9b51739eea5f9e2bae91e83288108a9ad338b2e3a4435ee5"},
    {file = "PySocks-1.7.1.tar.gz", hash = "sha256:3f8804571ebe159c380ac6de37643bb4685970655d3bba243530d6558b799aa0"},
]

[[package]]
name = "regex"
version = "2021.8.28"
description = "Alternative regular expression module, to replace re."
category = "main"
optional = false
python-versions = "*"
files = [
    {file = "regex-2021.8.28-cp310-cp310-macosx_10_9_x86_64.whl", hash = "sha256:9d05ad5367c90814099000442b2125535e9d77581855b9bee8780f1b41f2b1a2"},
    {file = "regex-2021.8.28-cp310-cp310-manylinux_2_17_aarch64.manylinux2014_aarch64.whl", hash = "sha256:f3bf1bc02bc421047bfec3343729c4bbbea42605bcfd6d6bfe2c07ade8b12d2a"},
    {file = "regex-2021.8.28-cp310-cp310-manylinux_2_17_x86_64.manylinux2014_x86_64.whl", hash = "sha256:5f6a808044faae658f546dd5f525e921de9fa409de7a5570865467f03a626fc0"},
    {file = "regex-2021.8.28-cp310-cp310-manylinux_2_5_i686.manylinux1_i686.manylinux_2_12_i686.manylinux2010_i686.whl", hash = "sha256:a617593aeacc7a691cc4af4a4410031654f2909053bd8c8e7db837f179a630eb"},
    {file = "regex-2021.8.28-cp310-cp310-manylinux_2_5_i686.manylinux1_i686.manylinux_2_17_i686.manylinux2014_i686.whl", hash = "sha256:79aef6b5cd41feff359acaf98e040844613ff5298d0d19c455b3d9ae0bc8c35a"},
    {file = "regex-2021.8.28-cp310-cp310-manylinux_2_5_x86_64.manylinux1_x86_64.manylinux_2_12_x86_64.manylinux2010_x86_64.whl", hash = "sha256:0fc1f8f06977c2d4f5e3d3f0d4a08089be783973fc6b6e278bde01f0544ff308"},
    {file = "regex-2021.8.28-cp310-cp310-win32.whl", hash = "sha256:6eebf512aa90751d5ef6a7c2ac9d60113f32e86e5687326a50d7686e309f66ed"},
    {file = "regex-2021.8.28-cp310-cp310-win_amd64.whl", hash = "sha256:ac88856a8cbccfc14f1b2d0b829af354cc1743cb375e7f04251ae73b2af6adf8"},
    {file = "regex-2021.8.28-cp36-cp36m-macosx_10_9_x86_64.whl", hash = "sha256:c206587c83e795d417ed3adc8453a791f6d36b67c81416676cad053b4104152c"},
    {file = "regex-2021.8.28-cp36-cp36m-manylinux_2_17_aarch64.manylinux2014_aarch64.whl", hash = "sha256:e8690ed94481f219a7a967c118abaf71ccc440f69acd583cab721b90eeedb77c"},
    {file = "regex-2021.8.28-cp36-cp36m-manylinux_2_17_x86_64.manylinux2014_x86_64.whl", hash = "sha256:328a1fad67445550b982caa2a2a850da5989fd6595e858f02d04636e7f8b0b13"},
    {file = "regex-2021.8.28-cp36-cp36m-manylinux_2_5_i686.manylinux1_i686.manylinux_2_12_i686.manylinux2010_i686.whl", hash = "sha256:c7cb4c512d2d3b0870e00fbbac2f291d4b4bf2634d59a31176a87afe2777c6f0"},
    {file = "regex-2021.8.28-cp36-cp36m-manylinux_2_5_i686.manylinux1_i686.manylinux_2_17_i686.manylinux2014_i686.whl", hash = "sha256:66256b6391c057305e5ae9209941ef63c33a476b73772ca967d4a2df70520ec1"},
    {file = "regex-2021.8.28-cp36-cp36m-manylinux_2_5_x86_64.manylinux1_x86_64.manylinux_2_12_x86_64.manylinux2010_x86_64.whl", hash = "sha256:8e44769068d33e0ea6ccdf4b84d80c5afffe5207aa4d1881a629cf0ef3ec398f"},
    {file = "regex-2021.8.28-cp36-cp36m-win32.whl", hash = "sha256:08d74bfaa4c7731b8dac0a992c63673a2782758f7cfad34cf9c1b9184f911354"},
    {file = "regex-2021.8.28-cp36-cp36m-win_amd64.whl", hash = "sha256:abb48494d88e8a82601af905143e0de838c776c1241d92021e9256d5515b3645"},
    {file = "regex-2021.8.28-cp37-cp37m-macosx_10_9_x86_64.whl", hash = "sha256:b4c220a1fe0d2c622493b0a1fd48f8f991998fb447d3cd368033a4b86cf1127a"},
    {file = "regex-2021.8.28-cp37-cp37m-manylinux_2_17_aarch64.manylinux2014_aarch64.whl", hash = "sha256:d4a332404baa6665b54e5d283b4262f41f2103c255897084ec8f5487ce7b9e8e"},
    {file = "regex-2021.8.28-cp37-cp37m-manylinux_2_17_x86_64.manylinux2014_x86_64.whl", hash = "sha256:c61dcc1cf9fd165127a2853e2c31eb4fb961a4f26b394ac9fe5669c7a6592892"},
    {file = "regex-2021.8.28-cp37-cp37m-manylinux_2_5_i686.manylinux1_i686.manylinux_2_12_i686.manylinux2010_i686.whl", hash = "sha256:ee329d0387b5b41a5dddbb6243a21cb7896587a651bebb957e2d2bb8b63c0791"},
    {file = "regex-2021.8.28-cp37-cp37m-manylinux_2_5_i686.manylinux1_i686.manylinux_2_17_i686.manylinux2014_i686.whl", hash = "sha256:f60667673ff9c249709160529ab39667d1ae9fd38634e006bec95611f632e759"},
    {file = "regex-2021.8.28-cp37-cp37m-manylinux_2_5_x86_64.manylinux1_x86_64.manylinux_2_12_x86_64.manylinux2010_x86_64.whl", hash = "sha256:b844fb09bd9936ed158ff9df0ab601e2045b316b17aa8b931857365ea8586906"},
    {file = "regex-2021.8.28-cp37-cp37m-win32.whl", hash = "sha256:4cde065ab33bcaab774d84096fae266d9301d1a2f5519d7bd58fc55274afbf7a"},
    {file = "regex-2021.8.28-cp37-cp37m-win_amd64.whl", hash = "sha256:1413b5022ed6ac0d504ba425ef02549a57d0f4276de58e3ab7e82437892704fc"},
    {file = "regex-2021.8.28-cp38-cp38-macosx_10_9_x86_64.whl", hash = "sha256:ed4b50355b066796dacdd1cf538f2ce57275d001838f9b132fab80b75e8c84dd"},
    {file = "regex-2021.8.28-cp38-cp38-manylinux_2_17_aarch64.manylinux2014_aarch64.whl", hash = "sha256:28fc475f560d8f67cc8767b94db4c9440210f6958495aeae70fac8faec631797"},
    {file = "regex-2021.8.28-cp38-cp38-manylinux_2_17_x86_64.manylinux2014_x86_64.whl", hash = "sha256:bdc178caebd0f338d57ae445ef8e9b737ddf8fbc3ea187603f65aec5b041248f"},
    {file = "regex-2021.8.28-cp38-cp38-manylinux_2_5_i686.manylinux1_i686.manylinux_2_12_i686.manylinux2010_i686.whl", hash = "sha256:999ad08220467b6ad4bd3dd34e65329dd5d0df9b31e47106105e407954965256"},
    {file = "regex-2021.8.28-cp38-cp38-manylinux_2_5_i686.manylinux1_i686.manylinux_2_17_i686.manylinux2014_i686.whl", hash = "sha256:808ee5834e06f57978da3e003ad9d6292de69d2bf6263662a1a8ae30788e080b"},
    {file = "regex-2021.8.28-cp38-cp38-manylinux_2_5_x86_64.manylinux1_x86_64.manylinux_2_12_x86_64.manylinux2010_x86_64.whl", hash = "sha256:d5111d4c843d80202e62b4fdbb4920db1dcee4f9366d6b03294f45ed7b18b42e"},
    {file = "regex-2021.8.28-cp38-cp38-win32.whl", hash = "sha256:473858730ef6d6ff7f7d5f19452184cd0caa062a20047f6d6f3e135a4648865d"},
    {file = "regex-2021.8.28-cp38-cp38-win_amd64.whl", hash = "sha256:31a99a4796bf5aefc8351e98507b09e1b09115574f7c9dbb9cf2111f7220d2e2"},
    {file = "regex-2021.8.28-cp39-cp39-macosx_10_9_x86_64.whl", hash = "sha256:04f6b9749e335bb0d2f68c707f23bb1773c3fb6ecd10edf0f04df12a8920d468"},
    {file = "regex-2021.8.28-cp39-cp39-manylinux_2_17_aarch64.manylinux2014_aarch64.whl", hash = "sha256:9b006628fe43aa69259ec04ca258d88ed19b64791693df59c422b607b6ece8bb"},
    {file = "regex-2021.8.28-cp39-cp39-manylinux_2_17_x86_64.manylinux2014_x86_64.whl", hash = "sha256:121f4b3185feaade3f85f70294aef3f777199e9b5c0c0245c774ae884b110a2d"},
    {file = "regex-2021.8.28-cp39-cp39-manylinux_2_5_i686.manylinux1_i686.manylinux_2_12_i686.manylinux2010_i686.whl", hash = "sha256:a577a21de2ef8059b58f79ff76a4da81c45a75fe0bfb09bc8b7bb4293fa18983"},
    {file = "regex-2021.8.28-cp39-cp39-manylinux_2_5_i686.manylinux1_i686.manylinux_2_17_i686.manylinux2014_i686.whl", hash = "sha256:1743345e30917e8c574f273f51679c294effba6ad372db1967852f12c76759d8"},
    {file = "regex-2021.8.28-cp39-cp39-manylinux_2_5_x86_64.manylinux1_x86_64.manylinux_2_12_x86_64.manylinux2010_x86_64.whl", hash = "sha256:e1e8406b895aba6caa63d9fd1b6b1700d7e4825f78ccb1e5260551d168db38ed"},
    {file = "regex-2021.8.28-cp39-cp39-win32.whl", hash = "sha256:ed283ab3a01d8b53de3a05bfdf4473ae24e43caee7dcb5584e86f3f3e5ab4374"},
    {file = "regex-2021.8.28-cp39-cp39-win_amd64.whl", hash = "sha256:610b690b406653c84b7cb6091facb3033500ee81089867ee7d59e675f9ca2b73"},
    {file = "regex-2021.8.28.tar.gz", hash = "sha256:f585cbbeecb35f35609edccb95efd95a3e35824cd7752b586503f7e6087303f1"},
]

[[package]]
name = "requests"
version = "2.26.0"
description = "Python HTTP for Humans."
category = "main"
optional = false
python-versions = ">=2.7, !=3.0.*, !=3.1.*, !=3.2.*, !=3.3.*, !=3.4.*, !=3.5.*"
files = [
    {file = "requests-2.26.0-py2.py3-none-any.whl", hash = "sha256:6c1246513ecd5ecd4528a0906f910e8f0f9c6b8ec72030dc9fd154dc1a6efd24"},
    {file = "requests-2.26.0.tar.gz", hash = "sha256:b8aa58f8cf793ffd8782d3d8cb19e66ef36f7aba4353eec859e74678b01b07a7"},
]

[package.dependencies]
certifi = ">=2017.4.17"
charset-normalizer = {version = ">=2.0.0,<2.1.0", markers = "python_version >= \"3\""}
idna = {version = ">=2.5,<4", markers = "python_version >= \"3\""}
PySocks = {version = ">=1.5.6,<1.5.7 || >1.5.7", optional = true, markers = "extra == \"socks\""}
urllib3 = ">=1.21.1,<1.27"

[package.extras]
socks = ["PySocks (>=1.5.6,!=1.5.7)", "win-inet-pton"]
use-chardet-on-py3 = ["chardet (>=3.0.2,<5)"]

[[package]]
name = "requests-oauthlib"
version = "1.3.0"
description = "OAuthlib authentication support for Requests."
category = "main"
optional = false
python-versions = ">=2.7, !=3.0.*, !=3.1.*, !=3.2.*, !=3.3.*"
files = [
    {file = "requests-oauthlib-1.3.0.tar.gz", hash = "sha256:b4261601a71fd721a8bd6d7aa1cc1d6a8a93b4a9f5e96626f8e4d91e8beeaa6a"},
    {file = "requests_oauthlib-1.3.0-py2.py3-none-any.whl", hash = "sha256:7f71572defaecd16372f9006f33c2ec8c077c3cfa6f5911a9a90202beb513f3d"},
]

[package.dependencies]
oauthlib = ">=3.0.0"
requests = ">=2.0.0"

[package.extras]
rsa = ["oauthlib[signedtoken] (>=3.0.0)"]

[[package]]
name = "six"
version = "1.16.0"
description = "Python 2 and 3 compatibility utilities"
category = "main"
optional = false
python-versions = ">=2.7, !=3.0.*, !=3.1.*, !=3.2.*"
files = [
    {file = "six-1.16.0-py2.py3-none-any.whl", hash = "sha256:8abb2f1d86890a2dfb989f9a77cfcfd3e47c2a354b01111771326f8aa26e0254"},
    {file = "six-1.16.0.tar.gz", hash = "sha256:1e61c37477a1626458e36f7b1d82aa5c9b094fa4802892072e49de9c60c4c926"},
]

[[package]]
name = "textblob"
version = "0.15.3"
description = "Simple, Pythonic text processing. Sentiment analysis, part-of-speech tagging, noun phrase parsing, and more."
category = "main"
optional = false
python-versions = "*"
files = [
    {file = "textblob-0.15.3-py2.py3-none-any.whl", hash = "sha256:b0eafd8b129c9b196c8128056caed891d64b7fa20ba570e1fcde438f4f7dd312"},
    {file = "textblob-0.15.3.tar.gz", hash = "sha256:7ff3c00cb5a85a30132ee6768b8c68cb2b9d76432fec18cd1b3ffe2f8594ec8c"},
]

[package.dependencies]
nltk = ">=3.1"

[[package]]
name = "tqdm"
version = "4.62.2"
description = "Fast, Extensible Progress Meter"
category = "main"
optional = false
python-versions = "!=3.0.*,!=3.1.*,!=3.2.*,!=3.3.*,>=2.7"
files = [
    {file = "tqdm-4.62.2-py2.py3-none-any.whl", hash = "sha256:80aead664e6c1672c4ae20dc50e1cdc5e20eeff9b14aa23ecd426375b28be588"},
    {file = "tqdm-4.62.2.tar.gz", hash = "sha256:a4d6d112e507ef98513ac119ead1159d286deab17dffedd96921412c2d236ff5"},
]

[package.dependencies]
colorama = {version = "*", markers = "platform_system == \"Windows\""}

[package.extras]
dev = ["py-make (>=0.1.0)", "twine", "wheel"]
notebook = ["ipywidgets (>=6)"]
telegram = ["requests"]

[[package]]
name = "tweepy"
version = "3.10.0"
description = "Twitter library for Python"
category = "main"
optional = false
python-versions = ">=2.7, !=3.0.*, !=3.1.*, !=3.2.*, !=3.3.*, !=3.4.*"
files = [
    {file = "tweepy-3.10.0-py2.py3-none-any.whl", hash = "sha256:5e22003441a11f6f4c2ea4d05ec5532f541e9f5d874c3908270f0c28e649b53a"},
    {file = "tweepy-3.10.0.tar.gz", hash = "sha256:76e6954b806ca470dda877f57db8792fff06a0beba0ed43efc3805771e39f06a"},
]

[package.dependencies]
requests = {version = ">=2.11.1", extras = ["socks"]}
requests-oauthlib = ">=0.7.0"
six = ">=1.10.0"

[package.extras]
dev = ["coveralls (>=1.8.2)", "tox (>=2.4.0)"]
test = ["mock (>=1.0.1)", "nose (>=1.3.3)", "vcrpy (>=1.10.3)"]

[[package]]
name = "urllib3"
version = "1.26.6"
description = "HTTP library with thread-safe connection pooling, file post, and more."
category = "main"
optional = false
python-versions = ">=2.7, !=3.0.*, !=3.1.*, !=3.2.*, !=3.3.*, !=3.4.*, <4"
files = [
    {file = "urllib3-1.26.6-py2.py3-none-any.whl", hash = "sha256:39fb8672126159acb139a7718dd10806104dec1e2f0f6c88aab05d17df10c8d4"},
    {file = "urllib3-1.26.6.tar.gz", hash = "sha256:f57b4c16c62fa2760b7e3d97c35b255512fb6b59a259730f36ba32ce9f8e342f"},
]

[package.extras]
brotli = ["brotlipy (>=0.6.0)"]
secure = ["certifi", "cryptography (>=1.3.4)", "idna (>=2.0.0)", "ipaddress", "pyOpenSSL (>=0.14)"]
socks = ["PySocks (>=1.5.6,!=1.5.7,<2.0)"]

[[package]]
name = "werkzeug"
version = "2.3.3"
description = "The comprehensive WSGI web application library."
category = "main"
optional = false
python-versions = ">=3.8"
files = [
    {file = "Werkzeug-2.3.3-py3-none-any.whl", hash = "sha256:4866679a0722de00796a74086238bb3b98d90f423f05de039abb09315487254a"},
    {file = "Werkzeug-2.3.3.tar.gz", hash = "sha256:a987caf1092edc7523edb139edb20c70571c4a8d5eed02e0b547b4739174d091"},
]

[package.dependencies]
MarkupSafe = ">=2.1.1"

[package.extras]
watchdog = ["watchdog (>=2.3)"]

[[package]]
name = "zipp"
version = "3.15.0"
description = "Backport of pathlib-compatible object wrapper for zip files"
category = "main"
optional = false
python-versions = ">=3.7"
files = [
    {file = "zipp-3.15.0-py3-none-any.whl", hash = "sha256:48904fc76a60e542af151aded95726c1a5c34ed43ab4134b597665c86d7ad556"},
    {file = "zipp-3.15.0.tar.gz", hash = "sha256:112929ad649da941c23de50f356a2b5570c954b65150642bccdd66bf194d224b"},
]

[package.extras]
docs = ["furo", "jaraco.packaging (>=9)", "jaraco.tidelift (>=1.4)", "rst.linker (>=1.9)", "sphinx (>=3.5)", "sphinx-lint"]
testing = ["big-O", "flake8 (<5)", "jaraco.functools", "jaraco.itertools", "more-itertools", "pytest (>=6)", "pytest-black (>=0.3.7)", "pytest-checkdocs (>=2.4)", "pytest-cov", "pytest-enabler (>=1.3)", "pytest-flake8", "pytest-mypy (>=0.9.1)"]

[metadata]
lock-version = "2.0"
python-versions = "^3.8"
content-hash = "361a1eebd45f2ab6801220d817cdf7f4e5d46b4cebb927ccee9dd5f8cb4855da"
